
Microsoft Visual Studio Solution File, Format Version 12.00
# Visual Studio 15
VisualStudioVersion = 15.0.27703.2042
MinimumVisualStudioVersion = 10.0.40219.1
Project("{FAE04EC0-301F-11D3-BF4B-00C04F79EFBC}") = "GoogleApiOauth", "GoogleApiOauth\GoogleApiOauth.csproj", "{DEE6D3A1-A575-4732-880C-531C80277A59}"
EndProject
Global
	GlobalSection(SolutionConfigurationPlatforms) = preSolution
		Debug|Any CPU = Debug|Any CPU
		Release|Any CPU = Release|Any CPU
	EndGlobalSection
	GlobalSection(ProjectConfigurationPlatforms) = postSolution
		{DEE6D3A1-A575-4732-880C-531C80277A59}.Debug|Any CPU.ActiveCfg = Debug|Any CPU
		{DEE6D3A1-A575-4732-880C-531C80277A59}.Debug|Any CPU.Build.0 = Debug|Any CPU
		{DEE6D3A1-A575-4732-880C-531C80277A59}.Release|Any CPU.ActiveCfg = Release|Any CPU
		{DEE6D3A1-A575-4732-880C-531C80277A59}.Release|Any CPU.Build.0 = Release|Any CPU
	EndGlobalSection
	GlobalSection(SolutionProperties) = preSolution
		HideSolutionNode = FALSE
	EndGlobalSection
	GlobalSection(ExtensibilityGlobals) = postSolution
		SolutionGuid = {FAECC040-93B7-419C-A484-916B33D2B7CF}
	EndGlobalSection
EndGlobal
